// !$*UTF8*$!
{
	archiveVersion = 1;
	classes = {
	};
	objectVersion = 50;
	objects = {

/* Begin PBXBuildFile section */
		3F2E5BA724354B7F00984C32 /* AppDelegate.swift in Sources */ = {isa = PBXBuildFile; fileRef = 3F2E5BA624354B7F00984C32 /* AppDelegate.swift */; };
		3F2E5BA924354B7F00984C32 /* SceneDelegate.swift in Sources */ = {isa = PBXBuildFile; fileRef = 3F2E5BA824354B7F00984C32 /* SceneDelegate.swift */; };
		3F2E5BAB24354B7F00984C32 /* ViewController.swift in Sources */ = {isa = PBXBuildFile; fileRef = 3F2E5BAA24354B7F00984C32 /* ViewController.swift */; };
		3F2E5BAE24354B7F00984C32 /* Main.storyboard in Resources */ = {isa = PBXBuildFile; fileRef = 3F2E5BAC24354B7F00984C32 /* Main.storyboard */; };
		3F2E5BB024354B8000984C32 /* Assets.xcassets in Resources */ = {isa = PBXBuildFile; fileRef = 3F2E5BAF24354B8000984C32 /* Assets.xcassets */; };
		3F2E5BB324354B8000984C32 /* LaunchScreen.storyboard in Resources */ = {isa = PBXBuildFile; fileRef = 3F2E5BB124354B8000984C32 /* LaunchScreen.storyboard */; };
		3F2E5BBB24354BC700984C32 /* Sign.swift in Sources */ = {isa = PBXBuildFile; fileRef = 3F2E5BBA24354BC700984C32 /* Sign.swift */; };
		3F2E5BBD24354DA100984C32 /* GameState.swift in Sources */ = {isa = PBXBuildFile; fileRef = 3F2E5BBC24354DA100984C32 /* GameState.swift */; };
/* End PBXBuildFile section */

/* Begin PBXFileReference section */
		3F2E5BA324354B7F00984C32 /* 20.1 RPS.app */ = {isa = PBXFileReference; explicitFileType = wrapper.application; includeInIndex = 0; path = "20.1 RPS.app"; sourceTree = BUILT_PRODUCTS_DIR; };
		3F2E5BA624354B7F00984C32 /* AppDelegate.swift */ = {isa = PBXFileReference; lastKnownFileType = sourcecode.swift; path = AppDelegate.swift; sourceTree = "<group>"; };
		3F2E5BA824354B7F00984C32 /* SceneDelegate.swift */ = {isa = PBXFileReference; lastKnownFileType = sourcecode.swift; path = SceneDelegate.swift; sourceTree = "<group>"; };
		3F2E5BAA24354B7F00984C32 /* ViewController.swift */ = {isa = PBXFileReference; lastKnownFileType = sourcecode.swift; path = ViewController.swift; sourceTree = "<group>"; };
		3F2E5BAD24354B7F00984C32 /* Base */ = {isa = PBXFileReference; lastKnownFileType = file.storyboard; name = Base; path = Base.lproj/Main.storyboard; sourceTree = "<group>"; };
		3F2E5BAF24354B8000984C32 /* Assets.xcassets */ = {isa = PBXFileReference; lastKnownFileType = folder.assetcatalog; path = Assets.xcassets; sourceTree = "<group>"; };
		3F2E5BB224354B8000984C32 /* Base */ = {isa = PBXFileReference; lastKnownFileType = file.storyboard; name = Base; path = Base.lproj/LaunchScreen.storyboard; sourceTree = "<group>"; };
		3F2E5BB424354B8000984C32 /* Info.plist */ = {isa = PBXFileReference; lastKnownFileType = text.plist.xml; path = Info.plist; sourceTree = "<group>"; };
		3F2E5BBA24354BC700984C32 /* Sign.swift */ = {isa = PBXFileReference; lastKnownFileType = sourcecode.swift; path = Sign.swift; sourceTree = "<group>"; };
		3F2E5BBC24354DA100984C32 /* GameState.swift */ = {isa = PBXFileReference; lastKnownFileType = sourcecode.swift; path = GameState.swift; sourceTree = "<group>"; };
/* End PBXFileReference section */

/* Begin PBXFrameworksBuildPhase section */
		3F2E5BA024354B7F00984C32 /* Frameworks */ = {
			isa = PBXFrameworksBuildPhase;
			buildActionMask = 2147483647;
			files = (
			);
			runOnlyForDeploymentPostprocessing = 0;
		};
/* End PBXFrameworksBuildPhase section */

/* Begin PBXGroup section */
		3F2E5B9A24354B7F00984C32 = {
			isa = PBXGroup;
			children = (
				3F2E5BA524354B7F00984C32 /* 20.1 RPS */,
				3F2E5BA424354B7F00984C32 /* Products */,
			);
			sourceTree = "<group>";
		};
		3F2E5BA424354B7F00984C32 /* Products */ = {
			isa = PBXGroup;
			children = (
				3F2E5BA324354B7F00984C32 /* 20.1 RPS.app */,
			);
			name = Products;
			sourceTree = "<group>";
		};
		3F2E5BA524354B7F00984C32 /* 20.1 RPS */ = {
			isa = PBXGroup;
			children = (
				3F2E5BBA24354BC700984C32 /* Sign.swift */,
				3F2E5BBC24354DA100984C32 /* GameState.swift */,
				3F2E5BA624354B7F00984C32 /* AppDelegate.swift */,
				3F2E5BA824354B7F00984C32 /* SceneDelegate.swift */,
				3F2E5BAA24354B7F00984C32 /* ViewController.swift */,
				3F2E5BAC24354B7F00984C32 /* Main.storyboard */,
				3F2E5BAF24354B8000984C32 /* Assets.xcassets */,
				3F2E5BB124354B8000984C32 /* LaunchScreen.storyboard */,
				3F2E5BB424354B8000984C32 /* Info.plist */,
			);
			path = "20.1 RPS";
			sourceTree = "<group>";
		};
/* End PBXGroup section */

/* Begin PBXNativeTarget section */
		3F2E5BA224354B7F00984C32 /* 20.1 RPS */ = {
			isa = PBXNativeTarget;
			buildConfigurationList = 3F2E5BB724354B8000984C32 /* Build configuration list for PBXNativeTarget "20.1 RPS" */;
			buildPhases = (
				3F2E5B9F24354B7F00984C32 /* Sources */,
				3F2E5BA024354B7F00984C32 /* Frameworks */,
				3F2E5BA124354B7F00984C32 /* Resources */,
			);
			buildRules = (
			);
			dependencies = (
			);
			name = "20.1 RPS";
			productName = "20.1 RPS";
			productReference = 3F2E5BA324354B7F00984C32 /* 20.1 RPS.app */;
			productType = "com.apple.product-type.application";
		};
/* End PBXNativeTarget section */

/* Begin PBXProject section */
		3F2E5B9B24354B7F00984C32 /* Project object */ = {
			isa = PBXProject;
			attributes = {
				LastSwiftUpdateCheck = 1130;
				LastUpgradeCheck = 1130;
				ORGANIZATIONNAME = Student;
				TargetAttributes = {
					3F2E5BA224354B7F00984C32 = {
						CreatedOnToolsVersion = 11.3.1;
					};
				};
			};
			buildConfigurationList = 3F2E5B9E24354B7F00984C32 /* Build configuration list for PBXProject "20.1 RPS" */;
			compatibilityVersion = "Xcode 9.3";
			developmentRegion = en;
			hasScannedForEncodings = 0;
			knownRegions = (
				en,
				Base,
			);
			mainGroup = 3F2E5B9A24354B7F00984C32;
			productRefGroup = 3F2E5BA424354B7F00984C32 /* Products */;
			projectDirPath = "";
			projectRoot = "";
			targets = (
				3F2E5BA224354B7F00984C32 /* 20.1 RPS */,
			);
		};
/* End PBXProject section */

/* Begin PBXResourcesBuildPhase section */
		3F2E5BA124354B7F00984C32 /* Resources */ = {
			isa = PBXResourcesBuildPhase;
			buildActionMask = 2147483647;
			files = (
				3F2E5BB324354B8000984C32 /* LaunchScreen.storyboard in Resources */,
				3F2E5BB024354B8000984C32 /* Assets.xcassets in Resources */,
				3F2E5BAE24354B7F00984C32 /* Main.storyboard in Resources */,
			);
			runOnlyForDeploymentPostprocessing = 0;
		};
/* End PBXResourcesBuildPhase section */

/* Begin PBXSourcesBuildPhase section */
		3F2E5B9F24354B7F00984C32 /* Sources */ = {
			isa = PBXSourcesBuildPhase;
			buildActionMask = 2147483647;
			files = (
				3F2E5BAB24354B7F00984C32 /* ViewController.swift in Sources */,
				3F2E5BA724354B7F00984C32 /* AppDelegate.swift in Sources */,
				3F2E5BBD24354DA100984C32 /* GameState.swift in Sources */,
				3F2E5BBB24354BC700984C32 /* Sign.swift in Sources */,
				3F2E5BA924354B7F00984C32 /* SceneDelegate.swift in Sources */,
			);
			runOnlyForDeploymentPostprocessing = 0;
		};
/* End PBXSourcesBuildPhase section */

/* Begin PBXVariantGroup section */
		3F2E5BAC24354B7F00984C32 /* Main.storyboard */ = {
			isa = PBXVariantGroup;
			children = (
				3F2E5BAD24354B7F00984C32 /* Base */,
			);
			name = Main.storyboard;
			sourceTree = "<group>";
		};
		3F2E5BB124354B8000984C32 /* LaunchScreen.storyboard */ = {
			isa = PBXVariantGroup;
			children = (
				3F2E5BB224354B8000984C32 /* Base */,
			);
			name = LaunchScreen.storyboard;
			sourceTree = "<group>";
		};
/* End PBXVariantGroup section */

/* Begin XCBuildConfiguration section */
		3F2E5BB524354B8000984C32 /* Debug */ = {
			isa = XCBuildConfiguration;
			buildSettings = {
				ALWAYS_SEARCH_USER_PATHS = NO;
				CLANG_ANALYZER_NONNULL = YES;
				CLANG_ANALYZER_NUMBER_OBJECT_CONVERSION = YES_AGGRESSIVE;
				CLANG_CXX_LANGUAGE_STANDARD = "gnu++14";
				CLANG_CXX_LIBRARY = "libc++";
				CLANG_ENABLE_MODULES = YES;
				CLANG_ENABLE_OBJC_ARC = YES;
				CLANG_ENABLE_OBJC_WEAK = YES;
				CLANG_WARN_BLOCK_CAPTURE_AUTORELEASING = YES;
				CLANG_WARN_BOOL_CONVERSION = YES;
				CLANG_WARN_COMMA = YES;
				CLANG_WARN_CONSTANT_CONVERSION = YES;
				CLANG_WARN_DEPRECATED_OBJC_IMPLEMENTATIONS = YES;
				CLANG_WARN_DIRECT_OBJC_ISA_USAGE = YES_ERROR;
				CLANG_WARN_DOCUMENTATION_COMMENTS = YES;
				CLANG_WARN_EMPTY_BODY = YES;
				CLANG_WARN_ENUM_CONVERSION = YES;
				CLANG_WARN_INFINITE_RECURSION = YES;
				CLANG_WARN_INT_CONVERSION = YES;
				CLANG_WARN_NON_LITERAL_NULL_CONVERSION = YES;
				CLANG_WARN_OBJC_IMPLICIT_RETAIN_SELF = YES;
				CLANG_WARN_OBJC_LITERAL_CONVERSION = YES;
				CLANG_WARN_OBJC_ROOT_CLASS = YES_ERROR;
				CLANG_WARN_RANGE_LOOP_ANALYSIS = YES;
				CLANG_WARN_STRICT_PROTOTYPES = YES;
				CLANG_WARN_SUSPICIOUS_MOVE = YES;
				CLANG_WARN_UNGUARDED_AVAILABILITY = YES_AGGRESSIVE;
				CLANG_WARN_UNREACHABLE_CODE = YES;
				CLANG_WARN__DUPLICATE_METHOD_MATCH = YES;
				COPY_PHASE_STRIP = NO;
				DEBUG_INFORMATION_FORMAT = dwarf;
				ENABLE_STRICT_OBJC_MSGSEND = YES;
				ENABLE_TESTABILITY = YES;
				GCC_C_LANGUAGE_STANDARD = gnu11;
				GCC_DYNAMIC_NO_PIC = NO;
				GCC_NO_COMMON_BLOCKS = YES;
				GCC_OPTIMIZATION_LEVEL = 0;
				GCC_PREPROCESSOR_DEFINITIONS = (
					"DEBUG=1",
					"$(inherited)",
				);
				GCC_WARN_64_TO_32_BIT_CONVERSION = YES;
				GCC_WARN_ABOUT_RETURN_TYPE = YES_ERROR;
				GCC_WARN_UNDECLARED_SELECTOR = YES;
				GCC_WARN_UNINITIALIZED_AUTOS = YES_AGGRESSIVE;
				GCC_WARN_UNUSED_FUNCTION = YES;
				GCC_WARN_UNUSED_VARIABLE = YES;
				IPHONEOS_DEPLOYMENT_TARGET = 13.2;
				MTL_ENABLE_DEBUG_INFO = INCLUDE_SOURCE;
				MTL_FAST_MATH = YES;
				ONLY_ACTIVE_ARCH = YES;
				SDKROOT = iphoneos;
				SWIFT_ACTIVE_COMPILATION_CONDITIONS = DEBUG;
				SWIFT_OPTIMIZATION_LEVEL = "-Onone";
			};
			name = Debug;
		};
		3F2E5BB624354B8000984C32 /* Release */ = {
			isa = XCBuildConfiguration;
			buildSettings = {
				ALWAYS_SEARCH_USER_PATHS = NO;
				CLANG_ANALYZER_NONNULL = YES;
				CLANG_ANALYZER_NUMBER_OBJECT_CONVERSION = YES_AGGRESSIVE;
				CLANG_CXX_LANGUAGE_STANDARD = "gnu++14";
				CLANG_CXX_LIBRARY = "libc++";
				CLANG_ENABLE_MODULES = YES;
				CLANG_ENABLE_OBJC_ARC = YES;
				CLANG_ENABLE_OBJC_WEAK = YES;
				CLANG_WARN_BLOCK_CAPTURE_AUTORELEASING = YES;
				CLANG_WARN_BOOL_CONVERSION = YES;
				CLANG_WARN_COMMA = YES;
				CLANG_WARN_CONSTANT_CONVERSION = YES;
				CLANG_WARN_DEPRECATED_OBJC_IMPLEMENTATIONS = YES;
				CLANG_WARN_DIRECT_OBJC_ISA_USAGE = YES_ERROR;
				CLANG_WARN_DOCUMENTATION_COMMENTS = YES;
				CLANG_WARN_EMPTY_BODY = YES;
				CLANG_WARN_ENUM_CONVERSION = YES;
				CLANG_WARN_INFINITE_RECURSION = YES;
				CLANG_WARN_INT_CONVERSION = YES;
				CLANG_WARN_NON_LITERAL_NULL_CONVERSION = YES;
				CLANG_WARN_OBJC_IMPLICIT_RETAIN_SELF = YES;
				CLANG_WARN_OBJC_LITERAL_CONVERSION = YES;
				CLANG_WARN_OBJC_ROOT_CLASS = YES_ERROR;
				CLANG_WARN_RANGE_LOOP_ANALYSIS = YES;
				CLANG_WARN_STRICT_PROTOTYPES = YES;
				CLANG_WARN_SUSPICIOUS_MOVE = YES;
				CLANG_WARN_UNGUARDED_AVAILABILITY = YES_AGGRESSIVE;
				CLANG_WARN_UNREACHABLE_CODE = YES;
				CLANG_WARN__DUPLICATE_METHOD_MATCH = YES;
				COPY_PHASE_STRIP = NO;
				DEBUG_INFORMATION_FORMAT = "dwarf-with-dsym";
				ENABLE_NS_ASSERTIONS = NO;
				ENABLE_STRICT_OBJC_MSGSEND = YES;
				GCC_C_LANGUAGE_STANDARD = gnu11;
				GCC_NO_COMMON_BLOCKS = YES;
				GCC_WARN_64_TO_32_BIT_CONVERSION = YES;
				GCC_WARN_ABOUT_RETURN_TYPE = YES_ERROR;
				GCC_WARN_UNDECLARED_SELECTOR = YES;
				GCC_WARN_UNINITIALIZED_AUTOS = YES_AGGRESSIVE;
				GCC_WARN_UNUSED_FUNCTION = YES;
				GCC_WARN_UNUSED_VARIABLE = YES;
				IPHONEOS_DEPLOYMENT_TARGET = 13.2;
				MTL_ENABLE_DEBUG_INFO = NO;
				MTL_FAST_MATH = YES;
				SDKROOT = iphoneos;
				SWIFT_COMPILATION_MODE = wholemodule;
				SWIFT_OPTIMIZATION_LEVEL = "-O";
				VALIDATE_PRODUCT = YES;
			};
			name = Release;
		};
		3F2E5BB824354B8000984C32 /* Debug */ = {
			isa = XCBuildConfiguration;
			buildSettings = {
				ASSETCATALOG_COMPILER_APPICON_NAME = AppIcon;
				CODE_SIGN_STYLE = Automatic;
				INFOPLIST_FILE = "20.1 RPS/Info.plist";
				LD_RUNPATH_SEARCH_PATHS = (
					"$(inherited)",
					"@executable_path/Frameworks",
				);
				PRODUCT_BUNDLE_IDENTIFIER = "MeadowvaleSS.-0-1-RPS";
				PRODUCT_NAME = "$(TARGET_NAME)";
				SWIFT_VERSION = 5.0;
				TARGETED_DEVICE_FAMILY = "1,2";
			};
			name = Debug;
		};
		3F2E5BB924354B8000984C32 /* Release */ = {
			isa = XCBuildConfiguration;
			buildSettings = {
				ASSETCATALOG_COMPILER_APPICON_NAME = AppIcon;
				CODE_SIGN_STYLE = Automatic;
				INFOPLIST_FILE = "20.1 RPS/Info.plist";
				LD_RUNPATH_SEARCH_PATHS = (
					"$(inherited)",
					"@executable_path/Frameworks",
				);
				PRODUCT_BUNDLE_IDENTIFIER = "MeadowvaleSS.-0-1-RPS";
				PRODUCT_NAME = "$(TARGET_NAME)";
				SWIFT_VERSION = 5.0;
				TARGETED_DEVICE_FAMILY = "1,2";
			};
			name = Release;
		};
/* End XCBuildConfiguration section */

/* Begin XCConfigurationList section */
		3F2E5B9E24354B7F00984C32 /* Build configuration list for PBXProject "20.1 RPS" */ = {
			isa = XCConfigurationList;
			buildConfigurations = (
				3F2E5BB524354B8000984C32 /* Debug */,
				3F2E5BB624354B8000984C32 /* Release */,
			);
			defaultConfigurationIsVisible = 0;
			defaultConfigurationName = Release;
		};
		3F2E5BB724354B8000984C32 /* Build configuration list for PBXNativeTarget "20.1 RPS" */ = {
			isa = XCConfigurationList;
			buildConfigurations = (
				3F2E5BB824354B8000984C32 /* Debug */,
				3F2E5BB924354B8000984C32 /* Release */,
			);
			defaultConfigurationIsVisible = 0;
			defaultConfigurationName = Release;
		};
/* End XCConfigurationList section */
	};
	rootObject = 3F2E5B9B24354B7F00984C32 /* Project object */;
}
