// !$*UTF8*$!
{
	archiveVersion = 1;
	classes = {
	};
	objectVersion = 50;
	objects = {

/* Begin PBXBuildFile section */
		3F7F539E24EF71D40035F2AE /* AppDelegate.swift in Sources */ = {isa = PBXBuildFile; fileRef = 3F7F539D24EF71D40035F2AE /* AppDelegate.swift */; };
		3F7F53A024EF71D40035F2AE /* SceneDelegate.swift in Sources */ = {isa = PBXBuildFile; fileRef = 3F7F539F24EF71D40035F2AE /* SceneDelegate.swift */; };
		3F7F53A224EF71D40035F2AE /* ViewController.swift in Sources */ = {isa = PBXBuildFile; fileRef = 3F7F53A124EF71D40035F2AE /* ViewController.swift */; };
		3F7F53A524EF71D40035F2AE /* Main.storyboard in Resources */ = {isa = PBXBuildFile; fileRef = 3F7F53A324EF71D40035F2AE /* Main.storyboard */; };
		3F7F53A724EF71D90035F2AE /* Assets.xcassets in Resources */ = {isa = PBXBuildFile; fileRef = 3F7F53A624EF71D90035F2AE /* Assets.xcassets */; };
		3F7F53AA24EF71D90035F2AE /* LaunchScreen.storyboard in Resources */ = {isa = PBXBuildFile; fileRef = 3F7F53A824EF71D90035F2AE /* LaunchScreen.storyboard */; };
		3F7F53B224F75ADD0035F2AE /* Route.swift in Sources */ = {isa = PBXBuildFile; fileRef = 3F7F53B124F75ADD0035F2AE /* Route.swift */; };
		3F7F53B424F75B640035F2AE /* RouteController.swift in Sources */ = {isa = PBXBuildFile; fileRef = 3F7F53B324F75B640035F2AE /* RouteController.swift */; };
/* End PBXBuildFile section */

/* Begin PBXFileReference section */
		3F7F539A24EF71D40035F2AE /* TransitDraw.app */ = {isa = PBXFileReference; explicitFileType = wrapper.application; includeInIndex = 0; path = TransitDraw.app; sourceTree = BUILT_PRODUCTS_DIR; };
		3F7F539D24EF71D40035F2AE /* AppDelegate.swift */ = {isa = PBXFileReference; lastKnownFileType = sourcecode.swift; path = AppDelegate.swift; sourceTree = "<group>"; };
		3F7F539F24EF71D40035F2AE /* SceneDelegate.swift */ = {isa = PBXFileReference; lastKnownFileType = sourcecode.swift; path = SceneDelegate.swift; sourceTree = "<group>"; };
		3F7F53A124EF71D40035F2AE /* ViewController.swift */ = {isa = PBXFileReference; lastKnownFileType = sourcecode.swift; path = ViewController.swift; sourceTree = "<group>"; };
		3F7F53A424EF71D40035F2AE /* Base */ = {isa = PBXFileReference; lastKnownFileType = file.storyboard; name = Base; path = Base.lproj/Main.storyboard; sourceTree = "<group>"; };
		3F7F53A624EF71D90035F2AE /* Assets.xcassets */ = {isa = PBXFileReference; lastKnownFileType = folder.assetcatalog; path = Assets.xcassets; sourceTree = "<group>"; };
		3F7F53A924EF71D90035F2AE /* Base */ = {isa = PBXFileReference; lastKnownFileType = file.storyboard; name = Base; path = Base.lproj/LaunchScreen.storyboard; sourceTree = "<group>"; };
		3F7F53AB24EF71D90035F2AE /* Info.plist */ = {isa = PBXFileReference; lastKnownFileType = text.plist.xml; path = Info.plist; sourceTree = "<group>"; };
		3F7F53B124F75ADD0035F2AE /* Route.swift */ = {isa = PBXFileReference; lastKnownFileType = sourcecode.swift; path = Route.swift; sourceTree = "<group>"; };
		3F7F53B324F75B640035F2AE /* RouteController.swift */ = {isa = PBXFileReference; lastKnownFileType = sourcecode.swift; path = RouteController.swift; sourceTree = "<group>"; };
/* End PBXFileReference section */

/* Begin PBXFrameworksBuildPhase section */
		3F7F539724EF71D40035F2AE /* Frameworks */ = {
			isa = PBXFrameworksBuildPhase;
			buildActionMask = 2147483647;
			files = (
			);
			runOnlyForDeploymentPostprocessing = 0;
		};
/* End PBXFrameworksBuildPhase section */

/* Begin PBXGroup section */
		3F7F539124EF71D40035F2AE = {
			isa = PBXGroup;
			children = (
				3F7F539C24EF71D40035F2AE /* TransitDraw */,
				3F7F539B24EF71D40035F2AE /* Products */,
			);
			sourceTree = "<group>";
		};
		3F7F539B24EF71D40035F2AE /* Products */ = {
			isa = PBXGroup;
			children = (
				3F7F539A24EF71D40035F2AE /* TransitDraw.app */,
			);
			name = Products;
			sourceTree = "<group>";
		};
		3F7F539C24EF71D40035F2AE /* TransitDraw */ = {
			isa = PBXGroup;
			children = (
				3F7F539D24EF71D40035F2AE /* AppDelegate.swift */,
				3F7F539F24EF71D40035F2AE /* SceneDelegate.swift */,
				3F7F53A324EF71D40035F2AE /* Main.storyboard */,
				3F7F53B124F75ADD0035F2AE /* Route.swift */,
				3F7F53B324F75B640035F2AE /* RouteController.swift */,
				3F7F53A124EF71D40035F2AE /* ViewController.swift */,
				3F7F53A624EF71D90035F2AE /* Assets.xcassets */,
				3F7F53A824EF71D90035F2AE /* LaunchScreen.storyboard */,
				3F7F53AB24EF71D90035F2AE /* Info.plist */,
			);
			path = TransitDraw;
			sourceTree = "<group>";
		};
/* End PBXGroup section */

/* Begin PBXNativeTarget section */
		3F7F539924EF71D40035F2AE /* TransitDraw */ = {
			isa = PBXNativeTarget;
			buildConfigurationList = 3F7F53AE24EF71D90035F2AE /* Build configuration list for PBXNativeTarget "TransitDraw" */;
			buildPhases = (
				3F7F539624EF71D40035F2AE /* Sources */,
				3F7F539724EF71D40035F2AE /* Frameworks */,
				3F7F539824EF71D40035F2AE /* Resources */,
			);
			buildRules = (
			);
			dependencies = (
			);
			name = TransitDraw;
			productName = TransitDraw;
			productReference = 3F7F539A24EF71D40035F2AE /* TransitDraw.app */;
			productType = "com.apple.product-type.application";
		};
/* End PBXNativeTarget section */

/* Begin PBXProject section */
		3F7F539224EF71D40035F2AE /* Project object */ = {
			isa = PBXProject;
			attributes = {
				LastSwiftUpdateCheck = 1140;
				LastUpgradeCheck = 1140;
				ORGANIZATIONNAME = Student;
				TargetAttributes = {
					3F7F539924EF71D40035F2AE = {
						CreatedOnToolsVersion = 11.4.1;
					};
				};
			};
			buildConfigurationList = 3F7F539524EF71D40035F2AE /* Build configuration list for PBXProject "TransitDraw" */;
			compatibilityVersion = "Xcode 9.3";
			developmentRegion = en;
			hasScannedForEncodings = 0;
			knownRegions = (
				en,
				Base,
			);
			mainGroup = 3F7F539124EF71D40035F2AE;
			productRefGroup = 3F7F539B24EF71D40035F2AE /* Products */;
			projectDirPath = "";
			projectRoot = "";
			targets = (
				3F7F539924EF71D40035F2AE /* TransitDraw */,
			);
		};
/* End PBXProject section */

/* Begin PBXResourcesBuildPhase section */
		3F7F539824EF71D40035F2AE /* Resources */ = {
			isa = PBXResourcesBuildPhase;
			buildActionMask = 2147483647;
			files = (
				3F7F53AA24EF71D90035F2AE /* LaunchScreen.storyboard in Resources */,
				3F7F53A724EF71D90035F2AE /* Assets.xcassets in Resources */,
				3F7F53A524EF71D40035F2AE /* Main.storyboard in Resources */,
			);
			runOnlyForDeploymentPostprocessing = 0;
		};
/* End PBXResourcesBuildPhase section */

/* Begin PBXSourcesBuildPhase section */
		3F7F539624EF71D40035F2AE /* Sources */ = {
			isa = PBXSourcesBuildPhase;
			buildActionMask = 2147483647;
			files = (
				3F7F53A224EF71D40035F2AE /* ViewController.swift in Sources */,
				3F7F53B224F75ADD0035F2AE /* Route.swift in Sources */,
				3F7F53B424F75B640035F2AE /* RouteController.swift in Sources */,
				3F7F539E24EF71D40035F2AE /* AppDelegate.swift in Sources */,
				3F7F53A024EF71D40035F2AE /* SceneDelegate.swift in Sources */,
			);
			runOnlyForDeploymentPostprocessing = 0;
		};
/* End PBXSourcesBuildPhase section */

/* Begin PBXVariantGroup section */
		3F7F53A324EF71D40035F2AE /* Main.storyboard */ = {
			isa = PBXVariantGroup;
			children = (
				3F7F53A424EF71D40035F2AE /* Base */,
			);
			name = Main.storyboard;
			sourceTree = "<group>";
		};
		3F7F53A824EF71D90035F2AE /* LaunchScreen.storyboard */ = {
			isa = PBXVariantGroup;
			children = (
				3F7F53A924EF71D90035F2AE /* Base */,
			);
			name = LaunchScreen.storyboard;
			sourceTree = "<group>";
		};
/* End PBXVariantGroup section */

/* Begin XCBuildConfiguration section */
		3F7F53AC24EF71D90035F2AE /* Debug */ = {
			isa = XCBuildConfiguration;
			buildSettings = {
				ALWAYS_SEARCH_USER_PATHS = NO;
				CLANG_ANALYZER_NONNULL = YES;
				CLANG_ANALYZER_NUMBER_OBJECT_CONVERSION = YES_AGGRESSIVE;
				CLANG_CXX_LANGUAGE_STANDARD = "gnu++14";
				CLANG_CXX_LIBRARY = "libc++";
				CLANG_ENABLE_MODULES = YES;
				CLANG_ENABLE_OBJC_ARC = YES;
				CLANG_ENABLE_OBJC_WEAK = YES;
				CLANG_WARN_BLOCK_CAPTURE_AUTORELEASING = YES;
				CLANG_WARN_BOOL_CONVERSION = YES;
				CLANG_WARN_COMMA = YES;
				CLANG_WARN_CONSTANT_CONVERSION = YES;
				CLANG_WARN_DEPRECATED_OBJC_IMPLEMENTATIONS = YES;
				CLANG_WARN_DIRECT_OBJC_ISA_USAGE = YES_ERROR;
				CLANG_WARN_DOCUMENTATION_COMMENTS = YES;
				CLANG_WARN_EMPTY_BODY = YES;
				CLANG_WARN_ENUM_CONVERSION = YES;
				CLANG_WARN_INFINITE_RECURSION = YES;
				CLANG_WARN_INT_CONVERSION = YES;
				CLANG_WARN_NON_LITERAL_NULL_CONVERSION = YES;
				CLANG_WARN_OBJC_IMPLICIT_RETAIN_SELF = YES;
				CLANG_WARN_OBJC_LITERAL_CONVERSION = YES;
				CLANG_WARN_OBJC_ROOT_CLASS = YES_ERROR;
				CLANG_WARN_RANGE_LOOP_ANALYSIS = YES;
				CLANG_WARN_STRICT_PROTOTYPES = YES;
				CLANG_WARN_SUSPICIOUS_MOVE = YES;
				CLANG_WARN_UNGUARDED_AVAILABILITY = YES_AGGRESSIVE;
				CLANG_WARN_UNREACHABLE_CODE = YES;
				CLANG_WARN__DUPLICATE_METHOD_MATCH = YES;
				COPY_PHASE_STRIP = NO;
				DEBUG_INFORMATION_FORMAT = dwarf;
				ENABLE_STRICT_OBJC_MSGSEND = YES;
				ENABLE_TESTABILITY = YES;
				GCC_C_LANGUAGE_STANDARD = gnu11;
				GCC_DYNAMIC_NO_PIC = NO;
				GCC_NO_COMMON_BLOCKS = YES;
				GCC_OPTIMIZATION_LEVEL = 0;
				GCC_PREPROCESSOR_DEFINITIONS = (
					"DEBUG=1",
					"$(inherited)",
				);
				GCC_WARN_64_TO_32_BIT_CONVERSION = YES;
				GCC_WARN_ABOUT_RETURN_TYPE = YES_ERROR;
				GCC_WARN_UNDECLARED_SELECTOR = YES;
				GCC_WARN_UNINITIALIZED_AUTOS = YES_AGGRESSIVE;
				GCC_WARN_UNUSED_FUNCTION = YES;
				GCC_WARN_UNUSED_VARIABLE = YES;
				IPHONEOS_DEPLOYMENT_TARGET = 13.4;
				MTL_ENABLE_DEBUG_INFO = INCLUDE_SOURCE;
				MTL_FAST_MATH = YES;
				ONLY_ACTIVE_ARCH = YES;
				SDKROOT = iphoneos;
				SWIFT_ACTIVE_COMPILATION_CONDITIONS = DEBUG;
				SWIFT_OPTIMIZATION_LEVEL = "-Onone";
			};
			name = Debug;
		};
		3F7F53AD24EF71D90035F2AE /* Release */ = {
			isa = XCBuildConfiguration;
			buildSettings = {
				ALWAYS_SEARCH_USER_PATHS = NO;
				CLANG_ANALYZER_NONNULL = YES;
				CLANG_ANALYZER_NUMBER_OBJECT_CONVERSION = YES_AGGRESSIVE;
				CLANG_CXX_LANGUAGE_STANDARD = "gnu++14";
				CLANG_CXX_LIBRARY = "libc++";
				CLANG_ENABLE_MODULES = YES;
				CLANG_ENABLE_OBJC_ARC = YES;
				CLANG_ENABLE_OBJC_WEAK = YES;
				CLANG_WARN_BLOCK_CAPTURE_AUTORELEASING = YES;
				CLANG_WARN_BOOL_CONVERSION = YES;
				CLANG_WARN_COMMA = YES;
				CLANG_WARN_CONSTANT_CONVERSION = YES;
				CLANG_WARN_DEPRECATED_OBJC_IMPLEMENTATIONS = YES;
				CLANG_WARN_DIRECT_OBJC_ISA_USAGE = YES_ERROR;
				CLANG_WARN_DOCUMENTATION_COMMENTS = YES;
				CLANG_WARN_EMPTY_BODY = YES;
				CLANG_WARN_ENUM_CONVERSION = YES;
				CLANG_WARN_INFINITE_RECURSION = YES;
				CLANG_WARN_INT_CONVERSION = YES;
				CLANG_WARN_NON_LITERAL_NULL_CONVERSION = YES;
				CLANG_WARN_OBJC_IMPLICIT_RETAIN_SELF = YES;
				CLANG_WARN_OBJC_LITERAL_CONVERSION = YES;
				CLANG_WARN_OBJC_ROOT_CLASS = YES_ERROR;
				CLANG_WARN_RANGE_LOOP_ANALYSIS = YES;
				CLANG_WARN_STRICT_PROTOTYPES = YES;
				CLANG_WARN_SUSPICIOUS_MOVE = YES;
				CLANG_WARN_UNGUARDED_AVAILABILITY = YES_AGGRESSIVE;
				CLANG_WARN_UNREACHABLE_CODE = YES;
				CLANG_WARN__DUPLICATE_METHOD_MATCH = YES;
				COPY_PHASE_STRIP = NO;
				DEBUG_INFORMATION_FORMAT = "dwarf-with-dsym";
				ENABLE_NS_ASSERTIONS = NO;
				ENABLE_STRICT_OBJC_MSGSEND = YES;
				GCC_C_LANGUAGE_STANDARD = gnu11;
				GCC_NO_COMMON_BLOCKS = YES;
				GCC_WARN_64_TO_32_BIT_CONVERSION = YES;
				GCC_WARN_ABOUT_RETURN_TYPE = YES_ERROR;
				GCC_WARN_UNDECLARED_SELECTOR = YES;
				GCC_WARN_UNINITIALIZED_AUTOS = YES_AGGRESSIVE;
				GCC_WARN_UNUSED_FUNCTION = YES;
				GCC_WARN_UNUSED_VARIABLE = YES;
				IPHONEOS_DEPLOYMENT_TARGET = 13.4;
				MTL_ENABLE_DEBUG_INFO = NO;
				MTL_FAST_MATH = YES;
				SDKROOT = iphoneos;
				SWIFT_COMPILATION_MODE = wholemodule;
				SWIFT_OPTIMIZATION_LEVEL = "-O";
				VALIDATE_PRODUCT = YES;
			};
			name = Release;
		};
		3F7F53AF24EF71D90035F2AE /* Debug */ = {
			isa = XCBuildConfiguration;
			buildSettings = {
				ASSETCATALOG_COMPILER_APPICON_NAME = AppIcon;
				CODE_SIGN_STYLE = Automatic;
				INFOPLIST_FILE = TransitDraw/Info.plist;
				LD_RUNPATH_SEARCH_PATHS = (
					"$(inherited)",
					"@executable_path/Frameworks",
				);
				PRODUCT_BUNDLE_IDENTIFIER = MeadowvaleSS.TransitDraw;
				PRODUCT_NAME = "$(TARGET_NAME)";
				SWIFT_VERSION = 5.0;
				TARGETED_DEVICE_FAMILY = "1,2";
			};
			name = Debug;
		};
		3F7F53B024EF71D90035F2AE /* Release */ = {
			isa = XCBuildConfiguration;
			buildSettings = {
				ASSETCATALOG_COMPILER_APPICON_NAME = AppIcon;
				CODE_SIGN_STYLE = Automatic;
				INFOPLIST_FILE = TransitDraw/Info.plist;
				LD_RUNPATH_SEARCH_PATHS = (
					"$(inherited)",
					"@executable_path/Frameworks",
				);
				PRODUCT_BUNDLE_IDENTIFIER = MeadowvaleSS.TransitDraw;
				PRODUCT_NAME = "$(TARGET_NAME)";
				SWIFT_VERSION = 5.0;
				TARGETED_DEVICE_FAMILY = "1,2";
			};
			name = Release;
		};
/* End XCBuildConfiguration section */

/* Begin XCConfigurationList section */
		3F7F539524EF71D40035F2AE /* Build configuration list for PBXProject "TransitDraw" */ = {
			isa = XCConfigurationList;
			buildConfigurations = (
				3F7F53AC24EF71D90035F2AE /* Debug */,
				3F7F53AD24EF71D90035F2AE /* Release */,
			);
			defaultConfigurationIsVisible = 0;
			defaultConfigurationName = Release;
		};
		3F7F53AE24EF71D90035F2AE /* Build configuration list for PBXNativeTarget "TransitDraw" */ = {
			isa = XCConfigurationList;
			buildConfigurations = (
				3F7F53AF24EF71D90035F2AE /* Debug */,
				3F7F53B024EF71D90035F2AE /* Release */,
			);
			defaultConfigurationIsVisible = 0;
			defaultConfigurationName = Release;
		};
/* End XCConfigurationList section */
	};
	rootObject = 3F7F539224EF71D40035F2AE /* Project object */;
}
